
Microsoft Visual Studio Solution File, Format Version 12.00
# Visual Studio Version 17
VisualStudioVersion = 17.14.36221.1 d17.14
MinimumVisualStudioVersion = 10.0.40219.1
Project("{FAE04EC0-301F-11D3-BF4B-00C04F79EFBC}") = "BMI-Calculator", "BMI-Calculator.csproj", "{F5C0AC7E-C962-487B-9D4E-4F2C15B594D5}"
EndProject
Global
	GlobalSection(SolutionConfigurationPlatforms) = preSolution
		Debug|Any CPU = Debug|Any CPU
		Release|Any CPU = Release|Any CPU
	EndGlobalSection
	GlobalSection(ProjectConfigurationPlatforms) = postSolution
		{F5C0AC7E-C962-487B-9D4E-4F2C15B594D5}.Debug|Any CPU.ActiveCfg = Debug|Any CPU
		{F5C0AC7E-C962-487B-9D4E-4F2C15B594D5}.Debug|Any CPU.Build.0 = Debug|Any CPU
		{F5C0AC7E-C962-487B-9D4E-4F2C15B594D5}.Release|Any CPU.ActiveCfg = Release|Any CPU
		{F5C0AC7E-C962-487B-9D4E-4F2C15B594D5}.Release|Any CPU.Build.0 = Release|Any CPU
	EndGlobalSection
	GlobalSection(SolutionProperties) = preSolution
		HideSolutionNode = FALSE
	EndGlobalSection
	GlobalSection(ExtensibilityGlobals) = postSolution
		SolutionGuid = {65A6886F-5A0D-405C-9BA4-88DAD0A03F7B}
	EndGlobalSection
EndGlobal
